
Microsoft Visual Studio Solution File, Format Version 12.00
# Visual Studio Version 17
VisualStudioVersion = 17.3.32819.101
MinimumVisualStudioVersion = 10.0.40219.1
Project("{54A90642-561A-4BB1-A94E-469ADEE60C69}") = "UfoDatabaseFrontend2.0", "UfoDatabaseFrontend2.0.esproj", "{9340FFD5-0481-4C44-870E-4C4210BC97BC}"
EndProject
Project("{FAE04EC0-301F-11D3-BF4B-00C04F79EFBC}") = "ufoDatabaseBackend", "..\ufoDatabaseBackend\ufoDatabaseBackend.csproj", "{37C006A7-04F6-4A37-B232-17CD6E66403A}"
EndProject
Global
	GlobalSection(SolutionConfigurationPlatforms) = preSolution
		Debug|Any CPU = Debug|Any CPU
		Release|Any CPU = Release|Any CPU
	EndGlobalSection
	GlobalSection(ProjectConfigurationPlatforms) = postSolution
		{9340FFD5-0481-4C44-870E-4C4210BC97BC}.Debug|Any CPU.ActiveCfg = Debug|Any CPU
		{9340FFD5-0481-4C44-870E-4C4210BC97BC}.Debug|Any CPU.Build.0 = Debug|Any CPU
		{9340FFD5-0481-4C44-870E-4C4210BC97BC}.Debug|Any CPU.Deploy.0 = Debug|Any CPU
		{9340FFD5-0481-4C44-870E-4C4210BC97BC}.Release|Any CPU.ActiveCfg = Release|Any CPU
		{9340FFD5-0481-4C44-870E-4C4210BC97BC}.Release|Any CPU.Build.0 = Release|Any CPU
		{9340FFD5-0481-4C44-870E-4C4210BC97BC}.Release|Any CPU.Deploy.0 = Release|Any CPU
		{37C006A7-04F6-4A37-B232-17CD6E66403A}.Debug|Any CPU.ActiveCfg = Debug|Any CPU
		{37C006A7-04F6-4A37-B232-17CD6E66403A}.Debug|Any CPU.Build.0 = Debug|Any CPU
		{37C006A7-04F6-4A37-B232-17CD6E66403A}.Release|Any CPU.ActiveCfg = Release|Any CPU
		{37C006A7-04F6-4A37-B232-17CD6E66403A}.Release|Any CPU.Build.0 = Release|Any CPU
	EndGlobalSection
	GlobalSection(SolutionProperties) = preSolution
		HideSolutionNode = FALSE
	EndGlobalSection
	GlobalSection(ExtensibilityGlobals) = postSolution
		SolutionGuid = {7EF56662-A05E-4204-887E-4203AD8D2FE4}
	EndGlobalSection
EndGlobal
